
Microsoft Visual Studio Solution File, Format Version 12.00
# Visual Studio Version 17
VisualStudioVersion = 17.1.32407.343
MinimumVisualStudioVersion = 10.0.40219.1
Project("{FAE04EC0-301F-11D3-BF4B-00C04F79EFBC}") = "pdfTemplator.Server", "pdfTemplator\Server\pdfTemplator.Server.csproj", "{D03F7818-134B-4C74-BAB0-A1FCAB65702F}"
EndProject
Project("{FAE04EC0-301F-11D3-BF4B-00C04F79EFBC}") = "pdfTemplator.Client", "pdfTemplator\Client\pdfTemplator.Client.csproj", "{8828CF22-A569-4618-BB90-19D54A70A71C}"
EndProject
Project("{FAE04EC0-301F-11D3-BF4B-00C04F79EFBC}") = "pdfTemplator.Shared", "pdfTemplator\Shared\pdfTemplator.Shared.csproj", "{54EC08A6-9574-405B-A212-C7CDD60B4F8F}"
EndProject
Global
	GlobalSection(SolutionConfigurationPlatforms) = preSolution
		Debug|Any CPU = Debug|Any CPU
		Release|Any CPU = Release|Any CPU
	EndGlobalSection
	GlobalSection(ProjectConfigurationPlatforms) = postSolution
		{D03F7818-134B-4C74-BAB0-A1FCAB65702F}.Debug|Any CPU.ActiveCfg = Debug|Any CPU
		{D03F7818-134B-4C74-BAB0-A1FCAB65702F}.Debug|Any CPU.Build.0 = Debug|Any CPU
		{D03F7818-134B-4C74-BAB0-A1FCAB65702F}.Release|Any CPU.ActiveCfg = Release|Any CPU
		{D03F7818-134B-4C74-BAB0-A1FCAB65702F}.Release|Any CPU.Build.0 = Release|Any CPU
		{8828CF22-A569-4618-BB90-19D54A70A71C}.Debug|Any CPU.ActiveCfg = Debug|Any CPU
		{8828CF22-A569-4618-BB90-19D54A70A71C}.Debug|Any CPU.Build.0 = Debug|Any CPU
		{8828CF22-A569-4618-BB90-19D54A70A71C}.Release|Any CPU.ActiveCfg = Release|Any CPU
		{8828CF22-A569-4618-BB90-19D54A70A71C}.Release|Any CPU.Build.0 = Release|Any CPU
		{54EC08A6-9574-405B-A212-C7CDD60B4F8F}.Debug|Any CPU.ActiveCfg = Debug|Any CPU
		{54EC08A6-9574-405B-A212-C7CDD60B4F8F}.Debug|Any CPU.Build.0 = Debug|Any CPU
		{54EC08A6-9574-405B-A212-C7CDD60B4F8F}.Release|Any CPU.ActiveCfg = Release|Any CPU
		{54EC08A6-9574-405B-A212-C7CDD60B4F8F}.Release|Any CPU.Build.0 = Release|Any CPU
	EndGlobalSection
	GlobalSection(SolutionProperties) = preSolution
		HideSolutionNode = FALSE
	EndGlobalSection
	GlobalSection(ExtensibilityGlobals) = postSolution
		SolutionGuid = {95D8492D-5377-4A54-A320-4A77AEA98231}
	EndGlobalSection
EndGlobal
